
Microsoft Visual Studio Solution File, Format Version 12.00
# Visual Studio Version 17
VisualStudioVersion = 17.13.35931.197 d17.13
MinimumVisualStudioVersion = 10.0.40219.1
Project("{FAE04EC0-301F-11D3-BF4B-00C04F79EFBC}") = "Apuntador", "Apuntador\Apuntador.csproj", "{00262207-116A-4CC7-A279-19BFE8ADEC0E}"
EndProject
Global
	GlobalSection(SolutionConfigurationPlatforms) = preSolution
		Debug|Any CPU = Debug|Any CPU
		Release|Any CPU = Release|Any CPU
	EndGlobalSection
	GlobalSection(ProjectConfigurationPlatforms) = postSolution
		{00262207-116A-4CC7-A279-19BFE8ADEC0E}.Debug|Any CPU.ActiveCfg = Debug|Any CPU
		{00262207-116A-4CC7-A279-19BFE8ADEC0E}.Debug|Any CPU.Build.0 = Debug|Any CPU
		{00262207-116A-4CC7-A279-19BFE8ADEC0E}.Release|Any CPU.ActiveCfg = Release|Any CPU
		{00262207-116A-4CC7-A279-19BFE8ADEC0E}.Release|Any CPU.Build.0 = Release|Any CPU
	EndGlobalSection
	GlobalSection(SolutionProperties) = preSolution
		HideSolutionNode = FALSE
	EndGlobalSection
	GlobalSection(ExtensibilityGlobals) = postSolution
		SolutionGuid = {416EDF7A-2D04-45AB-B677-461B4B588E66}
	EndGlobalSection
EndGlobal
