
Microsoft Visual Studio Solution File, Format Version 12.00
# Visual Studio Version 17
VisualStudioVersion = 17.13.35931.197 d17.13
MinimumVisualStudioVersion = 10.0.40219.1
Project("{FAE04EC0-301F-11D3-BF4B-00C04F79EFBC}") = "if", "if\if.csproj", "{4BD5F10C-D3CD-47DD-A500-BB58785E36B7}"
EndProject
Global
	GlobalSection(SolutionConfigurationPlatforms) = preSolution
		Debug|Any CPU = Debug|Any CPU
		Release|Any CPU = Release|Any CPU
	EndGlobalSection
	GlobalSection(ProjectConfigurationPlatforms) = postSolution
		{4BD5F10C-D3CD-47DD-A500-BB58785E36B7}.Debug|Any CPU.ActiveCfg = Debug|Any CPU
		{4BD5F10C-D3CD-47DD-A500-BB58785E36B7}.Debug|Any CPU.Build.0 = Debug|Any CPU
		{4BD5F10C-D3CD-47DD-A500-BB58785E36B7}.Release|Any CPU.ActiveCfg = Release|Any CPU
		{4BD5F10C-D3CD-47DD-A500-BB58785E36B7}.Release|Any CPU.Build.0 = Release|Any CPU
	EndGlobalSection
	GlobalSection(SolutionProperties) = preSolution
		HideSolutionNode = FALSE
	EndGlobalSection
	GlobalSection(ExtensibilityGlobals) = postSolution
		SolutionGuid = {D74D89B4-D831-4631-87AC-AEE584C1DE0B}
	EndGlobalSection
EndGlobal
